// !$*UTF8*$!
{
	archiveVersion = 1;
	classes = {
	};
	objectVersion = 77;
	objects = {

/* Begin PBXBuildFile section */
		5BD1F9B42DF9C69D001526C5 /* UINavigationController.swift in Sources */ = {isa = PBXBuildFile; fileRef = 5BD1F9B32DF9C692001526C5 /* UINavigationController.swift */; };
		5BD1F9B62DFA2082001526C5 /* CoinInteractor.swift in Sources */ = {isa = PBXBuildFile; fileRef = 5BD1F9B52DFA207F001526C5 /* CoinInteractor.swift */; };
		5BD1F9B82DFA209F001526C5 /* CoinPresenter.swift in Sources */ = {isa = PBXBuildFile; fileRef = 5BD1F9B72DFA209D001526C5 /* CoinPresenter.swift */; };
		5BD1F9BA2DFA20BA001526C5 /* CoinViewController + Ext.swift in Sources */ = {isa = PBXBuildFile; fileRef = 5BD1F9B92DFA20B8001526C5 /* CoinViewController + Ext.swift */; };
		5BD1F9BC2DFA20FA001526C5 /* CoinViewLogic.swift in Sources */ = {isa = PBXBuildFile; fileRef = 5BD1F9BB2DFA20EF001526C5 /* CoinViewLogic.swift */; };
		5BD1F9BF2DFA216D001526C5 /* CoinInfoTVCell.swift in Sources */ = {isa = PBXBuildFile; fileRef = 5BD1F9BE2DFA216C001526C5 /* CoinInfoTVCell.swift */; };
		5BD1F9C12DFA21B9001526C5 /* SwitcherTVCell.swift in Sources */ = {isa = PBXBuildFile; fileRef = 5BD1F9C02DFA21B7001526C5 /* SwitcherTVCell.swift */; };
		5BD1F9C32DFA2228001526C5 /* CoinCoordinator.swift in Sources */ = {isa = PBXBuildFile; fileRef = 5BD1F9C22DFA2227001526C5 /* CoinCoordinator.swift */; };
		5BD1F9C52DFAF1D2001526C5 /* IntrinsicCollectionView.swift in Sources */ = {isa = PBXBuildFile; fileRef = 5BD1F9C42DFAF1D1001526C5 /* IntrinsicCollectionView.swift */; };
		5BD1F9C82DFB1243001526C5 /* MarketStatsView.swift in Sources */ = {isa = PBXBuildFile; fileRef = 5BD1F9C72DFB1241001526C5 /* MarketStatsView.swift */; };
		5BD9C11F2DF1AB0600A80B40 /* Assets.xcassets in Resources */ = {isa = PBXBuildFile; fileRef = 5BD9C1182DF1AB0600A80B40 /* Assets.xcassets */; };
		5BD9C1212DF1AB0600A80B40 /* LaunchScreen.storyboard in Resources */ = {isa = PBXBuildFile; fileRef = 5BD9C11B2DF1AB0600A80B40 /* LaunchScreen.storyboard */; };
		5BD9C1222DF1AB0600A80B40 /* AppDelegate.swift in Sources */ = {isa = PBXBuildFile; fileRef = 5BD9C1172DF1AB0600A80B40 /* AppDelegate.swift */; };
		5BD9C1232DF1AB0600A80B40 /* SceneDelegate.swift in Sources */ = {isa = PBXBuildFile; fileRef = 5BD9C11C2DF1AB0600A80B40 /* SceneDelegate.swift */; };
		5BD9C1242DF1AB0600A80B40 /* LoginViewController.swift in Sources */ = {isa = PBXBuildFile; fileRef = 5BD9C11D2DF1AB0600A80B40 /* LoginViewController.swift */; };
		5BD9C12B2DF1B15C00A80B40 /* Poppins-Medium.ttf in Resources */ = {isa = PBXBuildFile; fileRef = 5BD9C1282DF1B15C00A80B40 /* Poppins-Medium.ttf */; };
		5BD9C12C2DF1B15C00A80B40 /* Poppins-Regular.ttf in Resources */ = {isa = PBXBuildFile; fileRef = 5BD9C1292DF1B15C00A80B40 /* Poppins-Regular.ttf */; };
		5BD9C12D2DF1B15C00A80B40 /* Poppins-SemiBold.ttf in Resources */ = {isa = PBXBuildFile; fileRef = 5BD9C12A2DF1B15C00A80B40 /* Poppins-SemiBold.ttf */; };
		5BD9C1302DF1B25600A80B40 /* UIFont.swift in Sources */ = {isa = PBXBuildFile; fileRef = 5BD9C12F2DF1B22000A80B40 /* UIFont.swift */; };
		5BD9C1322DF1B6F700A80B40 /* UIColor.swift in Sources */ = {isa = PBXBuildFile; fileRef = 5BD9C1312DF1B6F400A80B40 /* UIColor.swift */; };
		5BD9C1342DF1B75F00A80B40 /* Colors.swift in Sources */ = {isa = PBXBuildFile; fileRef = 5BD9C1332DF1B75A00A80B40 /* Colors.swift */; };
		5BD9C1382DF1BF1B00A80B40 /* UserDefaultsWrapper.swift in Sources */ = {isa = PBXBuildFile; fileRef = 5BD9C1372DF1BF0D00A80B40 /* UserDefaultsWrapper.swift */; };
		5BD9C13A2DF1BF5A00A80B40 /* Preferences.swift in Sources */ = {isa = PBXBuildFile; fileRef = 5BD9C1392DF1BF5900A80B40 /* Preferences.swift */; };
		5BD9C14A2DF1C13E00A80B40 /* LoginViewTextField.swift in Sources */ = {isa = PBXBuildFile; fileRef = 5BD9C1492DF1C13600A80B40 /* LoginViewTextField.swift */; };
		5BD9C14D2DF1CAEB00A80B40 /* UIControl.swift in Sources */ = {isa = PBXBuildFile; fileRef = 5BD9C14C2DF1CAE900A80B40 /* UIControl.swift */; };
		5BD9C15D2DF1D4E800A80B40 /* TextField.swift in Sources */ = {isa = PBXBuildFile; fileRef = 5BD9C15C2DF1D4E600A80B40 /* TextField.swift */; };
		5BD9C1642DF2349E00A80B40 /* UIAlertController.swift in Sources */ = {isa = PBXBuildFile; fileRef = 5BD9C1632DF2349D00A80B40 /* UIAlertController.swift */; };
		5BD9C1762DF5F0DE00A80B40 /* UIView.swift in Sources */ = {isa = PBXBuildFile; fileRef = 5BD9C1752DF5F0DC00A80B40 /* UIView.swift */; };
		5BD9C17B2DF5FAF100A80B40 /* LoginCredentials.swift in Sources */ = {isa = PBXBuildFile; fileRef = 5BD9C17A2DF5FAEF00A80B40 /* LoginCredentials.swift */; };
		5BD9C17D2DF5FB4600A80B40 /* AuthError.swift in Sources */ = {isa = PBXBuildFile; fileRef = 5BD9C17C2DF5FB4400A80B40 /* AuthError.swift */; };
		5BD9C1802DF5FB9300A80B40 /* AuthRepository.swift in Sources */ = {isa = PBXBuildFile; fileRef = 5BD9C17F2DF5FB9000A80B40 /* AuthRepository.swift */; };
		5BD9C1842DF5FBD100A80B40 /* AuthenticateUseCase.swift in Sources */ = {isa = PBXBuildFile; fileRef = 5BD9C1832DF5FBCF00A80B40 /* AuthenticateUseCase.swift */; };
		5BD9C1882DF5FC5900A80B40 /* HardcodedAuthRepository.swift in Sources */ = {isa = PBXBuildFile; fileRef = 5BD9C1872DF5FC5800A80B40 /* HardcodedAuthRepository.swift */; };
		5BD9C18B2DF5FD0800A80B40 /* LoginPresenter.swift in Sources */ = {isa = PBXBuildFile; fileRef = 5BD9C18A2DF5FD0600A80B40 /* LoginPresenter.swift */; };
		5BD9C18D2DF6020000A80B40 /* Protocols.swift in Sources */ = {isa = PBXBuildFile; fileRef = 5BD9C18C2DF601FC00A80B40 /* Protocols.swift */; };
		5BD9C1902DF6060E00A80B40 /* Coordinator.swift in Sources */ = {isa = PBXBuildFile; fileRef = 5BD9C18F2DF6060800A80B40 /* Coordinator.swift */; };
		5BD9C1922DF606B200A80B40 /* AppCoordinator.swift in Sources */ = {isa = PBXBuildFile; fileRef = 5BD9C1912DF606AB00A80B40 /* AppCoordinator.swift */; };
		5BD9C1A22DF60AA700A80B40 /* LoginCoordinator.swift in Sources */ = {isa = PBXBuildFile; fileRef = 5BD9C1A12DF60A9A00A80B40 /* LoginCoordinator.swift */; };
		5BD9C1A72DF61E7600A80B40 /* TabbarCoordinator.swift in Sources */ = {isa = PBXBuildFile; fileRef = 5BD9C1A62DF61E6E00A80B40 /* TabbarCoordinator.swift */; };
		5BD9C1A92DF61F4500A80B40 /* TabbarController.swift in Sources */ = {isa = PBXBuildFile; fileRef = 5BD9C1A82DF61F3A00A80B40 /* TabbarController.swift */; };
		5BD9C1AC2DF6D3FD00A80B40 /* HomeViewController.swift in Sources */ = {isa = PBXBuildFile; fileRef = 5BD9C1AB2DF6D3FD00A80B40 /* HomeViewController.swift */; };
		5BD9C1B02DF71A8600A80B40 /* HomeHeaderTVCell.swift in Sources */ = {isa = PBXBuildFile; fileRef = 5BD9C1AF2DF71A8300A80B40 /* HomeHeaderTVCell.swift */; };
		5BD9C1B32DF7233B00A80B40 /* Network.swift in Sources */ = {isa = PBXBuildFile; fileRef = 5BD9C1B22DF7233500A80B40 /* Network.swift */; };
		5BD9C1B82DF74FBC00A80B40 /* Coin.swift in Sources */ = {isa = PBXBuildFile; fileRef = 5BD9C1B72DF74FB700A80B40 /* Coin.swift */; };
		5BD9C1BA2DF766AF00A80B40 /* HomeCoinTVCell.swift in Sources */ = {isa = PBXBuildFile; fileRef = 5BD9C1B92DF7669E00A80B40 /* HomeCoinTVCell.swift */; };
		5BD9C1BC2DF77F7C00A80B40 /* LargeAreaButton.swift in Sources */ = {isa = PBXBuildFile; fileRef = 5BD9C1BB2DF77F7400A80B40 /* LargeAreaButton.swift */; };
		5BD9C1BF2DF82CAD00A80B40 /* MessariCryptoRepository.swift in Sources */ = {isa = PBXBuildFile; fileRef = 5BD9C1BE2DF82CAB00A80B40 /* MessariCryptoRepository.swift */; };
		5BD9C1C22DF82D5B00A80B40 /* MessariDecodableDTO.swift in Sources */ = {isa = PBXBuildFile; fileRef = 5BD9C1C12DF82D5900A80B40 /* MessariDecodableDTO.swift */; };
		5BD9C1C52DF82DA700A80B40 /* Double.swift in Sources */ = {isa = PBXBuildFile; fileRef = 5BD9C1C42DF82DA600A80B40 /* Double.swift */; };
		5BD9C1C82DF830DF00A80B40 /* NavigationbarModalView.swift in Sources */ = {isa = PBXBuildFile; fileRef = 5BD9C1C72DF830C800A80B40 /* NavigationbarModalView.swift */; };
		5BD9C1CB2DF87B9A00A80B40 /* HomeInteractor.swift in Sources */ = {isa = PBXBuildFile; fileRef = 5BD9C1CA2DF87B9800A80B40 /* HomeInteractor.swift */; };
		5BD9C1CF2DF87C0300A80B40 /* HomePresenter.swift in Sources */ = {isa = PBXBuildFile; fileRef = 5BD9C1CE2DF87C0200A80B40 /* HomePresenter.swift */; };
		5BD9C1D22DF87D3F00A80B40 /* HomeViewController + Ext.swift in Sources */ = {isa = PBXBuildFile; fileRef = 5BD9C1D12DF87D3E00A80B40 /* HomeViewController + Ext.swift */; };
		5BD9C1D52DF87ED100A80B40 /* HomeLogic.swift in Sources */ = {isa = PBXBuildFile; fileRef = 5BD9C1D42DF87ECD00A80B40 /* HomeLogic.swift */; };
		5BD9C1D82DF882BB00A80B40 /* LoginModuleFactory.swift in Sources */ = {isa = PBXBuildFile; fileRef = 5BD9C1D72DF882B400A80B40 /* LoginModuleFactory.swift */; };
		5BD9C1DA2DF9735A00A80B40 /* HomeCoordinator.swift in Sources */ = {isa = PBXBuildFile; fileRef = 5BD9C1D92DF9735900A80B40 /* HomeCoordinator.swift */; };
		5BD9C1DF2DF977A700A80B40 /* CoinViewController.swift in Sources */ = {isa = PBXBuildFile; fileRef = 5BD9C1DE2DF9778B00A80B40 /* CoinViewController.swift */; };
/* End PBXBuildFile section */

/* Begin PBXFileReference section */
		5BD1F9B32DF9C692001526C5 /* UINavigationController.swift */ = {isa = PBXFileReference; lastKnownFileType = sourcecode.swift; path = UINavigationController.swift; sourceTree = "<group>"; };
		5BD1F9B52DFA207F001526C5 /* CoinInteractor.swift */ = {isa = PBXFileReference; lastKnownFileType = sourcecode.swift; path = CoinInteractor.swift; sourceTree = "<group>"; };
		5BD1F9B72DFA209D001526C5 /* CoinPresenter.swift */ = {isa = PBXFileReference; lastKnownFileType = sourcecode.swift; path = CoinPresenter.swift; sourceTree = "<group>"; };
		5BD1F9B92DFA20B8001526C5 /* CoinViewController + Ext.swift */ = {isa = PBXFileReference; lastKnownFileType = sourcecode.swift; path = "CoinViewController + Ext.swift"; sourceTree = "<group>"; };
		5BD1F9BB2DFA20EF001526C5 /* CoinViewLogic.swift */ = {isa = PBXFileReference; lastKnownFileType = sourcecode.swift; path = CoinViewLogic.swift; sourceTree = "<group>"; };
		5BD1F9BE2DFA216C001526C5 /* CoinInfoTVCell.swift */ = {isa = PBXFileReference; lastKnownFileType = sourcecode.swift; path = CoinInfoTVCell.swift; sourceTree = "<group>"; };
		5BD1F9C02DFA21B7001526C5 /* SwitcherTVCell.swift */ = {isa = PBXFileReference; lastKnownFileType = sourcecode.swift; path = SwitcherTVCell.swift; sourceTree = "<group>"; };
		5BD1F9C22DFA2227001526C5 /* CoinCoordinator.swift */ = {isa = PBXFileReference; lastKnownFileType = sourcecode.swift; path = CoinCoordinator.swift; sourceTree = "<group>"; };
		5BD1F9C42DFAF1D1001526C5 /* IntrinsicCollectionView.swift */ = {isa = PBXFileReference; lastKnownFileType = sourcecode.swift; path = IntrinsicCollectionView.swift; sourceTree = "<group>"; };
		5BD1F9C72DFB1241001526C5 /* MarketStatsView.swift */ = {isa = PBXFileReference; lastKnownFileType = sourcecode.swift; path = MarketStatsView.swift; sourceTree = "<group>"; };
		5BD9C1172DF1AB0600A80B40 /* AppDelegate.swift */ = {isa = PBXFileReference; lastKnownFileType = sourcecode.swift; path = AppDelegate.swift; sourceTree = "<group>"; };
		5BD9C1182DF1AB0600A80B40 /* Assets.xcassets */ = {isa = PBXFileReference; lastKnownFileType = folder.assetcatalog; path = Assets.xcassets; sourceTree = "<group>"; };
		5BD9C1192DF1AB0600A80B40 /* Info.plist */ = {isa = PBXFileReference; lastKnownFileType = text.plist.xml; path = Info.plist; sourceTree = "<group>"; };
		5BD9C11A2DF1AB0600A80B40 /* Base */ = {isa = PBXFileReference; lastKnownFileType = file.storyboard; name = Base; path = Base.lproj/LaunchScreen.storyboard; sourceTree = "<group>"; };
		5BD9C11C2DF1AB0600A80B40 /* SceneDelegate.swift */ = {isa = PBXFileReference; lastKnownFileType = sourcecode.swift; path = SceneDelegate.swift; sourceTree = "<group>"; };
		5BD9C11D2DF1AB0600A80B40 /* LoginViewController.swift */ = {isa = PBXFileReference; lastKnownFileType = sourcecode.swift; path = LoginViewController.swift; sourceTree = "<group>"; };
		5BD9C1282DF1B15C00A80B40 /* Poppins-Medium.ttf */ = {isa = PBXFileReference; lastKnownFileType = file; path = "Poppins-Medium.ttf"; sourceTree = "<group>"; };
		5BD9C1292DF1B15C00A80B40 /* Poppins-Regular.ttf */ = {isa = PBXFileReference; lastKnownFileType = file; path = "Poppins-Regular.ttf"; sourceTree = "<group>"; };
		5BD9C12A2DF1B15C00A80B40 /* Poppins-SemiBold.ttf */ = {isa = PBXFileReference; lastKnownFileType = file; path = "Poppins-SemiBold.ttf"; sourceTree = "<group>"; };
		5BD9C12F2DF1B22000A80B40 /* UIFont.swift */ = {isa = PBXFileReference; lastKnownFileType = sourcecode.swift; path = UIFont.swift; sourceTree = "<group>"; };
		5BD9C1312DF1B6F400A80B40 /* UIColor.swift */ = {isa = PBXFileReference; lastKnownFileType = sourcecode.swift; path = UIColor.swift; sourceTree = "<group>"; };
		5BD9C1332DF1B75A00A80B40 /* Colors.swift */ = {isa = PBXFileReference; lastKnownFileType = sourcecode.swift; path = Colors.swift; sourceTree = "<group>"; };
		5BD9C1372DF1BF0D00A80B40 /* UserDefaultsWrapper.swift */ = {isa = PBXFileReference; lastKnownFileType = sourcecode.swift; path = UserDefaultsWrapper.swift; sourceTree = "<group>"; };
		5BD9C1392DF1BF5900A80B40 /* Preferences.swift */ = {isa = PBXFileReference; lastKnownFileType = sourcecode.swift; path = Preferences.swift; sourceTree = "<group>"; };
		5BD9C1492DF1C13600A80B40 /* LoginViewTextField.swift */ = {isa = PBXFileReference; lastKnownFileType = sourcecode.swift; path = LoginViewTextField.swift; sourceTree = "<group>"; };
		5BD9C14C2DF1CAE900A80B40 /* UIControl.swift */ = {isa = PBXFileReference; lastKnownFileType = sourcecode.swift; path = UIControl.swift; sourceTree = "<group>"; };
		5BD9C15C2DF1D4E600A80B40 /* TextField.swift */ = {isa = PBXFileReference; lastKnownFileType = sourcecode.swift; path = TextField.swift; sourceTree = "<group>"; };
		5BD9C1632DF2349D00A80B40 /* UIAlertController.swift */ = {isa = PBXFileReference; lastKnownFileType = sourcecode.swift; path = UIAlertController.swift; sourceTree = "<group>"; };
		5BD9C1742DF5EEFD00A80B40 /* Wallet.app */ = {isa = PBXFileReference; explicitFileType = wrapper.application; includeInIndex = 0; path = Wallet.app; sourceTree = BUILT_PRODUCTS_DIR; };
		5BD9C1752DF5F0DC00A80B40 /* UIView.swift */ = {isa = PBXFileReference; lastKnownFileType = sourcecode.swift; path = UIView.swift; sourceTree = "<group>"; };
		5BD9C17A2DF5FAEF00A80B40 /* LoginCredentials.swift */ = {isa = PBXFileReference; lastKnownFileType = sourcecode.swift; path = LoginCredentials.swift; sourceTree = "<group>"; };
		5BD9C17C2DF5FB4400A80B40 /* AuthError.swift */ = {isa = PBXFileReference; lastKnownFileType = sourcecode.swift; path = AuthError.swift; sourceTree = "<group>"; };
		5BD9C17F2DF5FB9000A80B40 /* AuthRepository.swift */ = {isa = PBXFileReference; lastKnownFileType = sourcecode.swift; path = AuthRepository.swift; sourceTree = "<group>"; };
		5BD9C1832DF5FBCF00A80B40 /* AuthenticateUseCase.swift */ = {isa = PBXFileReference; lastKnownFileType = sourcecode.swift; path = AuthenticateUseCase.swift; sourceTree = "<group>"; };
		5BD9C1872DF5FC5800A80B40 /* HardcodedAuthRepository.swift */ = {isa = PBXFileReference; lastKnownFileType = sourcecode.swift; path = HardcodedAuthRepository.swift; sourceTree = "<group>"; };
		5BD9C18A2DF5FD0600A80B40 /* LoginPresenter.swift */ = {isa = PBXFileReference; lastKnownFileType = sourcecode.swift; path = LoginPresenter.swift; sourceTree = "<group>"; };
		5BD9C18C2DF601FC00A80B40 /* Protocols.swift */ = {isa = PBXFileReference; lastKnownFileType = sourcecode.swift; path = Protocols.swift; sourceTree = "<group>"; };
		5BD9C18F2DF6060800A80B40 /* Coordinator.swift */ = {isa = PBXFileReference; lastKnownFileType = sourcecode.swift; path = Coordinator.swift; sourceTree = "<group>"; };
		5BD9C1912DF606AB00A80B40 /* AppCoordinator.swift */ = {isa = PBXFileReference; lastKnownFileType = sourcecode.swift; path = AppCoordinator.swift; sourceTree = "<group>"; };
		5BD9C1A12DF60A9A00A80B40 /* LoginCoordinator.swift */ = {isa = PBXFileReference; lastKnownFileType = sourcecode.swift; path = LoginCoordinator.swift; sourceTree = "<group>"; };
		5BD9C1A62DF61E6E00A80B40 /* TabbarCoordinator.swift */ = {isa = PBXFileReference; lastKnownFileType = sourcecode.swift; path = TabbarCoordinator.swift; sourceTree = "<group>"; };
		5BD9C1A82DF61F3A00A80B40 /* TabbarController.swift */ = {isa = PBXFileReference; lastKnownFileType = sourcecode.swift; path = TabbarController.swift; sourceTree = "<group>"; };
		5BD9C1AB2DF6D3FD00A80B40 /* HomeViewController.swift */ = {isa = PBXFileReference; lastKnownFileType = sourcecode.swift; path = HomeViewController.swift; sourceTree = "<group>"; };
		5BD9C1AF2DF71A8300A80B40 /* HomeHeaderTVCell.swift */ = {isa = PBXFileReference; lastKnownFileType = sourcecode.swift; path = HomeHeaderTVCell.swift; sourceTree = "<group>"; };
		5BD9C1B22DF7233500A80B40 /* Network.swift */ = {isa = PBXFileReference; lastKnownFileType = sourcecode.swift; path = Network.swift; sourceTree = "<group>"; };
		5BD9C1B72DF74FB700A80B40 /* Coin.swift */ = {isa = PBXFileReference; lastKnownFileType = sourcecode.swift; path = Coin.swift; sourceTree = "<group>"; };
		5BD9C1B92DF7669E00A80B40 /* HomeCoinTVCell.swift */ = {isa = PBXFileReference; lastKnownFileType = sourcecode.swift; path = HomeCoinTVCell.swift; sourceTree = "<group>"; };
		5BD9C1BB2DF77F7400A80B40 /* LargeAreaButton.swift */ = {isa = PBXFileReference; lastKnownFileType = sourcecode.swift; path = LargeAreaButton.swift; sourceTree = "<group>"; };
		5BD9C1BE2DF82CAB00A80B40 /* MessariCryptoRepository.swift */ = {isa = PBXFileReference; lastKnownFileType = sourcecode.swift; path = MessariCryptoRepository.swift; sourceTree = "<group>"; };
		5BD9C1C12DF82D5900A80B40 /* MessariDecodableDTO.swift */ = {isa = PBXFileReference; lastKnownFileType = sourcecode.swift; path = MessariDecodableDTO.swift; sourceTree = "<group>"; };
		5BD9C1C42DF82DA600A80B40 /* Double.swift */ = {isa = PBXFileReference; lastKnownFileType = sourcecode.swift; path = Double.swift; sourceTree = "<group>"; };
		5BD9C1C72DF830C800A80B40 /* NavigationbarModalView.swift */ = {isa = PBXFileReference; lastKnownFileType = sourcecode.swift; path = NavigationbarModalView.swift; sourceTree = "<group>"; };
		5BD9C1CA2DF87B9800A80B40 /* HomeInteractor.swift */ = {isa = PBXFileReference; lastKnownFileType = sourcecode.swift; path = HomeInteractor.swift; sourceTree = "<group>"; };
		5BD9C1CE2DF87C0200A80B40 /* HomePresenter.swift */ = {isa = PBXFileReference; lastKnownFileType = sourcecode.swift; path = HomePresenter.swift; sourceTree = "<group>"; };
		5BD9C1D12DF87D3E00A80B40 /* HomeViewController + Ext.swift */ = {isa = PBXFileReference; lastKnownFileType = sourcecode.swift; path = "HomeViewController + Ext.swift"; sourceTree = "<group>"; };
		5BD9C1D42DF87ECD00A80B40 /* HomeLogic.swift */ = {isa = PBXFileReference; lastKnownFileType = sourcecode.swift; path = HomeLogic.swift; sourceTree = "<group>"; };
		5BD9C1D72DF882B400A80B40 /* LoginModuleFactory.swift */ = {isa = PBXFileReference; lastKnownFileType = sourcecode.swift; path = LoginModuleFactory.swift; sourceTree = "<group>"; };
		5BD9C1D92DF9735900A80B40 /* HomeCoordinator.swift */ = {isa = PBXFileReference; lastKnownFileType = sourcecode.swift; path = HomeCoordinator.swift; sourceTree = "<group>"; };
		5BD9C1DE2DF9778B00A80B40 /* CoinViewController.swift */ = {isa = PBXFileReference; lastKnownFileType = sourcecode.swift; path = CoinViewController.swift; sourceTree = "<group>"; };
/* End PBXFileReference section */

/* Begin PBXFrameworksBuildPhase section */
		5BD9C0FC2DF1AAA700A80B40 /* Frameworks */ = {
			isa = PBXFrameworksBuildPhase;
			buildActionMask = 2147483647;
			files = (
			);
			runOnlyForDeploymentPostprocessing = 0;
		};
/* End PBXFrameworksBuildPhase section */

/* Begin PBXGroup section */
		5BD1F9BD2DFA215C001526C5 /* Cells */ = {
			isa = PBXGroup;
			children = (
				5BD1F9C02DFA21B7001526C5 /* SwitcherTVCell.swift */,
				5BD1F9BE2DFA216C001526C5 /* CoinInfoTVCell.swift */,
			);
			path = Cells;
			sourceTree = "<group>";
		};
		5BD1F9C62DFB1235001526C5 /* Subview */ = {
			isa = PBXGroup;
			children = (
				5BD1F9C72DFB1241001526C5 /* MarketStatsView.swift */,
			);
			path = Subview;
			sourceTree = "<group>";
		};
		5BD9C0F62DF1AAA700A80B40 = {
			isa = PBXGroup;
			children = (
				5BD9C11E2DF1AB0600A80B40 /* Wallet */,
				5BD9C1742DF5EEFD00A80B40 /* Wallet.app */,
			);
			sourceTree = "<group>";
		};
		5BD9C11E2DF1AB0600A80B40 /* Wallet */ = {
			isa = PBXGroup;
			children = (
				5BD9C1252DF1AB0C00A80B40 /* Application */,
				5BD9C18E2DF6036300A80B40 /* AppCoordinator */,
				5BD9C12E2DF1B21400A80B40 /* Extensions */,
				5BD9C1262DF1B12600A80B40 /* Resources */,
				5BD9C15B2DF1D4D200A80B40 /* Helpers */,
				5BD9C1B12DF7231D00A80B40 /* Network */,
				5BD9C1192DF1AB0600A80B40 /* Info.plist */,
				5BD9C11B2DF1AB0600A80B40 /* LaunchScreen.storyboard */,
				5BD9C1362DF1BEBF00A80B40 /* Preferences */,
				5BD9C1352DF1BB0F00A80B40 /* LoginFlow */,
				5BD9C1A32DF61ABA00A80B40 /* TabbarFlow */,
			);
			path = Wallet;
			sourceTree = "<group>";
		};
		5BD9C1252DF1AB0C00A80B40 /* Application */ = {
			isa = PBXGroup;
			children = (
				5BD9C11C2DF1AB0600A80B40 /* SceneDelegate.swift */,
				5BD9C1172DF1AB0600A80B40 /* AppDelegate.swift */,
			);
			path = Application;
			sourceTree = "<group>";
		};
		5BD9C1262DF1B12600A80B40 /* Resources */ = {
			isa = PBXGroup;
			children = (
				5BD9C1182DF1AB0600A80B40 /* Assets.xcassets */,
				5BD9C1332DF1B75A00A80B40 /* Colors.swift */,
				5BD9C1272DF1B13600A80B40 /* Fonts */,
			);
			path = Resources;
			sourceTree = "<group>";
		};
		5BD9C1272DF1B13600A80B40 /* Fonts */ = {
			isa = PBXGroup;
			children = (
				5BD9C1282DF1B15C00A80B40 /* Poppins-Medium.ttf */,
				5BD9C1292DF1B15C00A80B40 /* Poppins-Regular.ttf */,
				5BD9C12A2DF1B15C00A80B40 /* Poppins-SemiBold.ttf */,
			);
			path = Fonts;
			sourceTree = "<group>";
		};
		5BD9C12E2DF1B21400A80B40 /* Extensions */ = {
			isa = PBXGroup;
			children = (
				5BD1F9B32DF9C692001526C5 /* UINavigationController.swift */,
				5BD9C1C42DF82DA600A80B40 /* Double.swift */,
				5BD9C1752DF5F0DC00A80B40 /* UIView.swift */,
				5BD9C1632DF2349D00A80B40 /* UIAlertController.swift */,
				5BD9C14C2DF1CAE900A80B40 /* UIControl.swift */,
				5BD9C1312DF1B6F400A80B40 /* UIColor.swift */,
				5BD9C12F2DF1B22000A80B40 /* UIFont.swift */,
			);
			path = Extensions;
			sourceTree = "<group>";
		};
		5BD9C1352DF1BB0F00A80B40 /* LoginFlow */ = {
			isa = PBXGroup;
			children = (
				5BD9C1852DF5FC3500A80B40 /* Data */,
				5BD9C1782DF5FACB00A80B40 /* Domain */,
				5BD9C1772DF5F92B00A80B40 /* Presentation */,
			);
			path = LoginFlow;
			sourceTree = "<group>";
		};
		5BD9C1362DF1BEBF00A80B40 /* Preferences */ = {
			isa = PBXGroup;
			children = (
				5BD9C1392DF1BF5900A80B40 /* Preferences.swift */,
				5BD9C1372DF1BF0D00A80B40 /* UserDefaultsWrapper.swift */,
			);
			path = Preferences;
			sourceTree = "<group>";
		};
		5BD9C1482DF1C12600A80B40 /* View */ = {
			isa = PBXGroup;
			children = (
				5BD9C11D2DF1AB0600A80B40 /* LoginViewController.swift */,
				5BD9C1492DF1C13600A80B40 /* LoginViewTextField.swift */,
			);
			path = View;
			sourceTree = "<group>";
		};
		5BD9C15B2DF1D4D200A80B40 /* Helpers */ = {
			isa = PBXGroup;
			children = (
				5BD1F9C42DFAF1D1001526C5 /* IntrinsicCollectionView.swift */,
				5BD9C1BB2DF77F7400A80B40 /* LargeAreaButton.swift */,
				5BD9C15C2DF1D4E600A80B40 /* TextField.swift */,
			);
			path = Helpers;
			sourceTree = "<group>";
		};
		5BD9C1772DF5F92B00A80B40 /* Presentation */ = {
			isa = PBXGroup;
			children = (
				5BD9C1D72DF882B400A80B40 /* LoginModuleFactory.swift */,
				5BD9C1A02DF60A6C00A80B40 /* Coordinator */,
				5BD9C1892DF5FCFA00A80B40 /* Presenter */,
				5BD9C1482DF1C12600A80B40 /* View */,
			);
			path = Presentation;
			sourceTree = "<group>";
		};
		5BD9C1782DF5FACB00A80B40 /* Domain */ = {
			isa = PBXGroup;
			children = (
				5BD9C1822DF5FBC500A80B40 /* UseCase */,
				5BD9C17E2DF5FB7800A80B40 /* Repository */,
				5BD9C1792DF5FAD600A80B40 /* Entity */,
			);
			path = Domain;
			sourceTree = "<group>";
		};
		5BD9C1792DF5FAD600A80B40 /* Entity */ = {
			isa = PBXGroup;
			children = (
				5BD9C17C2DF5FB4400A80B40 /* AuthError.swift */,
				5BD9C17A2DF5FAEF00A80B40 /* LoginCredentials.swift */,
			);
			path = Entity;
			sourceTree = "<group>";
		};
		5BD9C17E2DF5FB7800A80B40 /* Repository */ = {
			isa = PBXGroup;
			children = (
				5BD9C17F2DF5FB9000A80B40 /* AuthRepository.swift */,
			);
			path = Repository;
			sourceTree = "<group>";
		};
		5BD9C1822DF5FBC500A80B40 /* UseCase */ = {
			isa = PBXGroup;
			children = (
				5BD9C1832DF5FBCF00A80B40 /* AuthenticateUseCase.swift */,
			);
			path = UseCase;
			sourceTree = "<group>";
		};
		5BD9C1852DF5FC3500A80B40 /* Data */ = {
			isa = PBXGroup;
			children = (
				5BD9C1862DF5FC4F00A80B40 /* Repository */,
			);
			path = Data;
			sourceTree = "<group>";
		};
		5BD9C1862DF5FC4F00A80B40 /* Repository */ = {
			isa = PBXGroup;
			children = (
				5BD9C1872DF5FC5800A80B40 /* HardcodedAuthRepository.swift */,
			);
			path = Repository;
			sourceTree = "<group>";
		};
		5BD9C1892DF5FCFA00A80B40 /* Presenter */ = {
			isa = PBXGroup;
			children = (
				5BD9C18C2DF601FC00A80B40 /* Protocols.swift */,
				5BD9C18A2DF5FD0600A80B40 /* LoginPresenter.swift */,
			);
			path = Presenter;
			sourceTree = "<group>";
		};
		5BD9C18E2DF6036300A80B40 /* AppCoordinator */ = {
			isa = PBXGroup;
			children = (
				5BD9C18F2DF6060800A80B40 /* Coordinator.swift */,
				5BD9C1912DF606AB00A80B40 /* AppCoordinator.swift */,
			);
			path = AppCoordinator;
			sourceTree = "<group>";
		};
		5BD9C1A02DF60A6C00A80B40 /* Coordinator */ = {
			isa = PBXGroup;
			children = (
				5BD9C1A12DF60A9A00A80B40 /* LoginCoordinator.swift */,
			);
			path = Coordinator;
			sourceTree = "<group>";
		};
		5BD9C1A32DF61ABA00A80B40 /* TabbarFlow */ = {
			isa = PBXGroup;
			children = (
				5BD9C1A82DF61F3A00A80B40 /* TabbarController.swift */,
				5BD9C1A62DF61E6E00A80B40 /* TabbarCoordinator.swift */,
				5BD9C1DB2DF9760C00A80B40 /* Features */,
			);
			path = TabbarFlow;
			sourceTree = "<group>";
		};
		5BD9C1AA2DF6D3C500A80B40 /* HomeFlow */ = {
			isa = PBXGroup;
			children = (
				5BD9C1D92DF9735900A80B40 /* HomeCoordinator.swift */,
				5BD9C1B42DF74E8600A80B40 /* Data */,
				5BD9C1B52DF74E8B00A80B40 /* Domain */,
				5BD9C1AD2DF71A6100A80B40 /* Presentation */,
			);
			path = HomeFlow;
			sourceTree = "<group>";
		};
		5BD9C1AD2DF71A6100A80B40 /* Presentation */ = {
			isa = PBXGroup;
			children = (
				5BD9C1D32DF87EC100A80B40 /* HomeLogic */,
				5BD9C1CD2DF87BE200A80B40 /* Presenter */,
				5BD9C1C92DF87B8400A80B40 /* Interactor */,
				5BD9C1AE2DF71A6C00A80B40 /* View */,
			);
			path = Presentation;
			sourceTree = "<group>";
		};
		5BD9C1AE2DF71A6C00A80B40 /* View */ = {
			isa = PBXGroup;
			children = (
				5BD9C1D62DF8824D00A80B40 /* Cells */,
				5BD9C1C62DF830BE00A80B40 /* Modal */,
				5BD9C1AB2DF6D3FD00A80B40 /* HomeViewController.swift */,
				5BD9C1D12DF87D3E00A80B40 /* HomeViewController + Ext.swift */,
			);
			path = View;
			sourceTree = "<group>";
		};
		5BD9C1B12DF7231D00A80B40 /* Network */ = {
			isa = PBXGroup;
			children = (
				5BD9C1B22DF7233500A80B40 /* Network.swift */,
			);
			path = Network;
			sourceTree = "<group>";
		};
		5BD9C1B42DF74E8600A80B40 /* Data */ = {
			isa = PBXGroup;
			children = (
				5BD9C1C02DF82D0400A80B40 /* DTO */,
				5BD9C1BD2DF82C9800A80B40 /* Repository */,
			);
			path = Data;
			sourceTree = "<group>";
		};
		5BD9C1B52DF74E8B00A80B40 /* Domain */ = {
			isa = PBXGroup;
			children = (
				5BD9C1B62DF74FAB00A80B40 /* Entity */,
			);
			path = Domain;
			sourceTree = "<group>";
		};
		5BD9C1B62DF74FAB00A80B40 /* Entity */ = {
			isa = PBXGroup;
			children = (
				5BD9C1B72DF74FB700A80B40 /* Coin.swift */,
			);
			path = Entity;
			sourceTree = "<group>";
		};
		5BD9C1BD2DF82C9800A80B40 /* Repository */ = {
			isa = PBXGroup;
			children = (
				5BD9C1BE2DF82CAB00A80B40 /* MessariCryptoRepository.swift */,
			);
			path = Repository;
			sourceTree = "<group>";
		};
		5BD9C1C02DF82D0400A80B40 /* DTO */ = {
			isa = PBXGroup;
			children = (
				5BD9C1C12DF82D5900A80B40 /* MessariDecodableDTO.swift */,
			);
			path = DTO;
			sourceTree = "<group>";
		};
		5BD9C1C62DF830BE00A80B40 /* Modal */ = {
			isa = PBXGroup;
			children = (
				5BD9C1C72DF830C800A80B40 /* NavigationbarModalView.swift */,
			);
			path = Modal;
			sourceTree = "<group>";
		};
		5BD9C1C92DF87B8400A80B40 /* Interactor */ = {
			isa = PBXGroup;
			children = (
				5BD9C1CA2DF87B9800A80B40 /* HomeInteractor.swift */,
			);
			path = Interactor;
			sourceTree = "<group>";
		};
		5BD9C1CD2DF87BE200A80B40 /* Presenter */ = {
			isa = PBXGroup;
			children = (
				5BD9C1CE2DF87C0200A80B40 /* HomePresenter.swift */,
			);
			path = Presenter;
			sourceTree = "<group>";
		};
		5BD9C1D32DF87EC100A80B40 /* HomeLogic */ = {
			isa = PBXGroup;
			children = (
				5BD9C1D42DF87ECD00A80B40 /* HomeLogic.swift */,
			);
			path = HomeLogic;
			sourceTree = "<group>";
		};
		5BD9C1D62DF8824D00A80B40 /* Cells */ = {
			isa = PBXGroup;
			children = (
				5BD9C1B92DF7669E00A80B40 /* HomeCoinTVCell.swift */,
				5BD9C1AF2DF71A8300A80B40 /* HomeHeaderTVCell.swift */,
			);
			path = Cells;
			sourceTree = "<group>";
		};
		5BD9C1DB2DF9760C00A80B40 /* Features */ = {
			isa = PBXGroup;
			children = (
				5BD9C1AA2DF6D3C500A80B40 /* HomeFlow */,
				5BD9C1DC2DF9764100A80B40 /* CoinViewController */,
			);
			path = Features;
			sourceTree = "<group>";
		};
		5BD9C1DC2DF9764100A80B40 /* CoinViewController */ = {
			isa = PBXGroup;
			children = (
				5BD9C1DD2DF9777A00A80B40 /* Presentation */,
			);
			path = CoinViewController;
			sourceTree = "<group>";
		};
		5BD9C1DD2DF9777A00A80B40 /* Presentation */ = {
			isa = PBXGroup;
			children = (
				5BD1F9C22DFA2227001526C5 /* CoinCoordinator.swift */,
				5BD1F9C62DFB1235001526C5 /* Subview */,
				5BD1F9BD2DFA215C001526C5 /* Cells */,
				5BD1F9BB2DFA20EF001526C5 /* CoinViewLogic.swift */,
				5BD1F9B92DFA20B8001526C5 /* CoinViewController + Ext.swift */,
				5BD1F9B72DFA209D001526C5 /* CoinPresenter.swift */,
				5BD1F9B52DFA207F001526C5 /* CoinInteractor.swift */,
				5BD9C1DE2DF9778B00A80B40 /* CoinViewController.swift */,
			);
			path = Presentation;
			sourceTree = "<group>";
		};
/* End PBXGroup section */

/* Begin PBXNativeTarget section */
		5BD9C0FE2DF1AAA700A80B40 /* Wallet */ = {
			isa = PBXNativeTarget;
			buildConfigurationList = 5BD9C1122DF1AAA900A80B40 /* Build configuration list for PBXNativeTarget "Wallet" */;
			buildPhases = (
				5BD9C0FB2DF1AAA700A80B40 /* Sources */,
				5BD9C0FC2DF1AAA700A80B40 /* Frameworks */,
				5BD9C0FD2DF1AAA700A80B40 /* Resources */,
			);
			buildRules = (
			);
			dependencies = (
			);
			name = Wallet;
			packageProductDependencies = (
			);
			productName = Wallet;
			productReference = 5BD9C1742DF5EEFD00A80B40 /* Wallet.app */;
			productType = "com.apple.product-type.application";
		};
/* End PBXNativeTarget section */

/* Begin PBXProject section */
		5BD9C0F72DF1AAA700A80B40 /* Project object */ = {
			isa = PBXProject;
			attributes = {
				BuildIndependentTargetsInParallel = 1;
				LastSwiftUpdateCheck = 1630;
				LastUpgradeCheck = 1630;
				TargetAttributes = {
					5BD9C0FE2DF1AAA700A80B40 = {
						CreatedOnToolsVersion = 16.3;
					};
				};
			};
			buildConfigurationList = 5BD9C0FA2DF1AAA700A80B40 /* Build configuration list for PBXProject "Wallet" */;
			developmentRegion = ru;
			hasScannedForEncodings = 0;
			knownRegions = (
				Base,
				ru,
			);
			mainGroup = 5BD9C0F62DF1AAA700A80B40;
			minimizedProjectReferenceProxies = 1;
			preferredProjectObjectVersion = 77;
			productRefGroup = 5BD9C0F62DF1AAA700A80B40;
			projectDirPath = "";
			projectRoot = "";
			targets = (
				5BD9C0FE2DF1AAA700A80B40 /* Wallet */,
			);
		};
/* End PBXProject section */

/* Begin PBXResourcesBuildPhase section */
		5BD9C0FD2DF1AAA700A80B40 /* Resources */ = {
			isa = PBXResourcesBuildPhase;
			buildActionMask = 2147483647;
			files = (
				5BD9C11F2DF1AB0600A80B40 /* Assets.xcassets in Resources */,
				5BD9C12B2DF1B15C00A80B40 /* Poppins-Medium.ttf in Resources */,
				5BD9C12C2DF1B15C00A80B40 /* Poppins-Regular.ttf in Resources */,
				5BD9C12D2DF1B15C00A80B40 /* Poppins-SemiBold.ttf in Resources */,
				5BD9C1212DF1AB0600A80B40 /* LaunchScreen.storyboard in Resources */,
			);
			runOnlyForDeploymentPostprocessing = 0;
		};
/* End PBXResourcesBuildPhase section */

/* Begin PBXSourcesBuildPhase section */
		5BD9C0FB2DF1AAA700A80B40 /* Sources */ = {
			isa = PBXSourcesBuildPhase;
			buildActionMask = 2147483647;
			files = (
				5BD9C1C82DF830DF00A80B40 /* NavigationbarModalView.swift in Sources */,
				5BD1F9C32DFA2228001526C5 /* CoinCoordinator.swift in Sources */,
				5BD9C1C52DF82DA700A80B40 /* Double.swift in Sources */,
				5BD9C1882DF5FC5900A80B40 /* HardcodedAuthRepository.swift in Sources */,
				5BD9C1382DF1BF1B00A80B40 /* UserDefaultsWrapper.swift in Sources */,
				5BD9C1D22DF87D3F00A80B40 /* HomeViewController + Ext.swift in Sources */,
				5BD9C15D2DF1D4E800A80B40 /* TextField.swift in Sources */,
				5BD1F9B82DFA209F001526C5 /* CoinPresenter.swift in Sources */,
				5BD9C1A92DF61F4500A80B40 /* TabbarController.swift in Sources */,
				5BD9C14D2DF1CAEB00A80B40 /* UIControl.swift in Sources */,
				5BD9C18B2DF5FD0800A80B40 /* LoginPresenter.swift in Sources */,
				5BD9C1D52DF87ED100A80B40 /* HomeLogic.swift in Sources */,
				5BD9C1922DF606B200A80B40 /* AppCoordinator.swift in Sources */,
				5BD9C1B02DF71A8600A80B40 /* HomeHeaderTVCell.swift in Sources */,
				5BD1F9C82DFB1243001526C5 /* MarketStatsView.swift in Sources */,
				5BD9C1902DF6060E00A80B40 /* Coordinator.swift in Sources */,
				5BD1F9BF2DFA216D001526C5 /* CoinInfoTVCell.swift in Sources */,
				5BD9C1842DF5FBD100A80B40 /* AuthenticateUseCase.swift in Sources */,
				5BD9C1302DF1B25600A80B40 /* UIFont.swift in Sources */,
				5BD1F9B42DF9C69D001526C5 /* UINavigationController.swift in Sources */,
				5BD9C1BA2DF766AF00A80B40 /* HomeCoinTVCell.swift in Sources */,
				5BD1F9BC2DFA20FA001526C5 /* CoinViewLogic.swift in Sources */,
				5BD9C1342DF1B75F00A80B40 /* Colors.swift in Sources */,
				5BD9C1CB2DF87B9A00A80B40 /* HomeInteractor.swift in Sources */,
				5BD9C1BF2DF82CAD00A80B40 /* MessariCryptoRepository.swift in Sources */,
				5BD9C1CF2DF87C0300A80B40 /* HomePresenter.swift in Sources */,
				5BD9C1AC2DF6D3FD00A80B40 /* HomeViewController.swift in Sources */,
				5BD9C1C22DF82D5B00A80B40 /* MessariDecodableDTO.swift in Sources */,
				5BD1F9C12DFA21B9001526C5 /* SwitcherTVCell.swift in Sources */,
				5BD9C1A72DF61E7600A80B40 /* TabbarCoordinator.swift in Sources */,
				5BD9C18D2DF6020000A80B40 /* Protocols.swift in Sources */,
				5BD9C1B82DF74FBC00A80B40 /* Coin.swift in Sources */,
				5BD9C17D2DF5FB4600A80B40 /* AuthError.swift in Sources */,
				5BD1F9B62DFA2082001526C5 /* CoinInteractor.swift in Sources */,
				5BD9C1D82DF882BB00A80B40 /* LoginModuleFactory.swift in Sources */,
				5BD9C17B2DF5FAF100A80B40 /* LoginCredentials.swift in Sources */,
				5BD1F9BA2DFA20BA001526C5 /* CoinViewController + Ext.swift in Sources */,
				5BD9C14A2DF1C13E00A80B40 /* LoginViewTextField.swift in Sources */,
				5BD9C1222DF1AB0600A80B40 /* AppDelegate.swift in Sources */,
				5BD9C1BC2DF77F7C00A80B40 /* LargeAreaButton.swift in Sources */,
				5BD9C1232DF1AB0600A80B40 /* SceneDelegate.swift in Sources */,
				5BD1F9C52DFAF1D2001526C5 /* IntrinsicCollectionView.swift in Sources */,
				5BD9C1242DF1AB0600A80B40 /* LoginViewController.swift in Sources */,
				5BD9C1A22DF60AA700A80B40 /* LoginCoordinator.swift in Sources */,
				5BD9C1762DF5F0DE00A80B40 /* UIView.swift in Sources */,
				5BD9C1802DF5FB9300A80B40 /* AuthRepository.swift in Sources */,
				5BD9C13A2DF1BF5A00A80B40 /* Preferences.swift in Sources */,
				5BD9C1DA2DF9735A00A80B40 /* HomeCoordinator.swift in Sources */,
				5BD9C1322DF1B6F700A80B40 /* UIColor.swift in Sources */,
				5BD9C1DF2DF977A700A80B40 /* CoinViewController.swift in Sources */,
				5BD9C1B32DF7233B00A80B40 /* Network.swift in Sources */,
				5BD9C1642DF2349E00A80B40 /* UIAlertController.swift in Sources */,
			);
			runOnlyForDeploymentPostprocessing = 0;
		};
/* End PBXSourcesBuildPhase section */

/* Begin PBXVariantGroup section */
		5BD9C11B2DF1AB0600A80B40 /* LaunchScreen.storyboard */ = {
			isa = PBXVariantGroup;
			children = (
				5BD9C11A2DF1AB0600A80B40 /* Base */,
			);
			name = LaunchScreen.storyboard;
			sourceTree = "<group>";
		};
/* End PBXVariantGroup section */

/* Begin XCBuildConfiguration section */
		5BD9C1132DF1AAA900A80B40 /* Debug */ = {
			isa = XCBuildConfiguration;
			buildSettings = {
				ASSETCATALOG_COMPILER_APPICON_NAME = AppIcon;
				ASSETCATALOG_COMPILER_GLOBAL_ACCENT_COLOR_NAME = AccentColor;
				CODE_SIGN_STYLE = Automatic;
				CURRENT_PROJECT_VERSION = 1;
				DEVELOPMENT_TEAM = Y274S7F744;
				GENERATE_INFOPLIST_FILE = YES;
				INFOPLIST_FILE = Wallet/Info.plist;
				INFOPLIST_KEY_UIApplicationSupportsIndirectInputEvents = YES;
				INFOPLIST_KEY_UILaunchStoryboardName = LaunchScreen;
				INFOPLIST_KEY_UISupportedInterfaceOrientations = UIInterfaceOrientationPortrait;
				INFOPLIST_KEY_UISupportedInterfaceOrientations_iPad = "UIInterfaceOrientationLandscapeLeft UIInterfaceOrientationLandscapeRight UIInterfaceOrientationPortrait UIInterfaceOrientationPortraitUpsideDown";
				INFOPLIST_KEY_UIUserInterfaceStyle = Light;
				LD_RUNPATH_SEARCH_PATHS = (
					"$(inherited)",
					"@executable_path/Frameworks",
				);
				MARKETING_VERSION = 1.0;
				PRODUCT_BUNDLE_IDENTIFIER = com.home.Wallet;
				PRODUCT_NAME = "$(TARGET_NAME)";
				SWIFT_EMIT_LOC_STRINGS = YES;
				SWIFT_VERSION = 5.0;
				TARGETED_DEVICE_FAMILY = "1,2";
			};
			name = Debug;
		};
		5BD9C1142DF1AAA900A80B40 /* Release */ = {
			isa = XCBuildConfiguration;
			buildSettings = {
				ASSETCATALOG_COMPILER_APPICON_NAME = AppIcon;
				ASSETCATALOG_COMPILER_GLOBAL_ACCENT_COLOR_NAME = AccentColor;
				CODE_SIGN_STYLE = Automatic;
				CURRENT_PROJECT_VERSION = 1;
				DEVELOPMENT_TEAM = Y274S7F744;
				GENERATE_INFOPLIST_FILE = YES;
				INFOPLIST_FILE = Wallet/Info.plist;
				INFOPLIST_KEY_UIApplicationSupportsIndirectInputEvents = YES;
				INFOPLIST_KEY_UILaunchStoryboardName = LaunchScreen;
				INFOPLIST_KEY_UISupportedInterfaceOrientations = UIInterfaceOrientationPortrait;
				INFOPLIST_KEY_UISupportedInterfaceOrientations_iPad = "UIInterfaceOrientationLandscapeLeft UIInterfaceOrientationLandscapeRight UIInterfaceOrientationPortrait UIInterfaceOrientationPortraitUpsideDown";
				INFOPLIST_KEY_UIUserInterfaceStyle = Light;
				LD_RUNPATH_SEARCH_PATHS = (
					"$(inherited)",
					"@executable_path/Frameworks",
				);
				MARKETING_VERSION = 1.0;
				PRODUCT_BUNDLE_IDENTIFIER = com.home.Wallet;
				PRODUCT_NAME = "$(TARGET_NAME)";
				SWIFT_EMIT_LOC_STRINGS = YES;
				SWIFT_VERSION = 5.0;
				TARGETED_DEVICE_FAMILY = "1,2";
			};
			name = Release;
		};
		5BD9C1152DF1AAA900A80B40 /* Debug */ = {
			isa = XCBuildConfiguration;
			buildSettings = {
				ALWAYS_SEARCH_USER_PATHS = NO;
				ASSETCATALOG_COMPILER_GENERATE_SWIFT_ASSET_SYMBOL_EXTENSIONS = YES;
				CLANG_ANALYZER_NONNULL = YES;
				CLANG_ANALYZER_NUMBER_OBJECT_CONVERSION = YES_AGGRESSIVE;
				CLANG_CXX_LANGUAGE_STANDARD = "gnu++20";
				CLANG_ENABLE_MODULES = YES;
				CLANG_ENABLE_OBJC_ARC = YES;
				CLANG_ENABLE_OBJC_WEAK = YES;
				CLANG_WARN_BLOCK_CAPTURE_AUTORELEASING = YES;
				CLANG_WARN_BOOL_CONVERSION = YES;
				CLANG_WARN_COMMA = YES;
				CLANG_WARN_CONSTANT_CONVERSION = YES;
				CLANG_WARN_DEPRECATED_OBJC_IMPLEMENTATIONS = YES;
				CLANG_WARN_DIRECT_OBJC_ISA_USAGE = YES_ERROR;
				CLANG_WARN_DOCUMENTATION_COMMENTS = YES;
				CLANG_WARN_EMPTY_BODY = YES;
				CLANG_WARN_ENUM_CONVERSION = YES;
				CLANG_WARN_INFINITE_RECURSION = YES;
				CLANG_WARN_INT_CONVERSION = YES;
				CLANG_WARN_NON_LITERAL_NULL_CONVERSION = YES;
				CLANG_WARN_OBJC_IMPLICIT_RETAIN_SELF = YES;
				CLANG_WARN_OBJC_LITERAL_CONVERSION = YES;
				CLANG_WARN_OBJC_ROOT_CLASS = YES_ERROR;
				CLANG_WARN_QUOTED_INCLUDE_IN_FRAMEWORK_HEADER = YES;
				CLANG_WARN_RANGE_LOOP_ANALYSIS = YES;
				CLANG_WARN_STRICT_PROTOTYPES = YES;
				CLANG_WARN_SUSPICIOUS_MOVE = YES;
				CLANG_WARN_UNGUARDED_AVAILABILITY = YES_AGGRESSIVE;
				CLANG_WARN_UNREACHABLE_CODE = YES;
				CLANG_WARN__DUPLICATE_METHOD_MATCH = YES;
				COPY_PHASE_STRIP = NO;
				DEBUG_INFORMATION_FORMAT = dwarf;
				DEVELOPMENT_TEAM = Y274S7F744;
				ENABLE_STRICT_OBJC_MSGSEND = YES;
				ENABLE_TESTABILITY = YES;
				ENABLE_USER_SCRIPT_SANDBOXING = YES;
				GCC_C_LANGUAGE_STANDARD = gnu17;
				GCC_DYNAMIC_NO_PIC = NO;
				GCC_NO_COMMON_BLOCKS = YES;
				GCC_OPTIMIZATION_LEVEL = 0;
				GCC_PREPROCESSOR_DEFINITIONS = (
					"DEBUG=1",
					"$(inherited)",
				);
				GCC_WARN_64_TO_32_BIT_CONVERSION = YES;
				GCC_WARN_ABOUT_RETURN_TYPE = YES_ERROR;
				GCC_WARN_UNDECLARED_SELECTOR = YES;
				GCC_WARN_UNINITIALIZED_AUTOS = YES_AGGRESSIVE;
				GCC_WARN_UNUSED_FUNCTION = YES;
				GCC_WARN_UNUSED_VARIABLE = YES;
				IPHONEOS_DEPLOYMENT_TARGET = 18.4;
				LOCALIZATION_PREFERS_STRING_CATALOGS = YES;
				MTL_ENABLE_DEBUG_INFO = INCLUDE_SOURCE;
				MTL_FAST_MATH = YES;
				ONLY_ACTIVE_ARCH = YES;
				SDKROOT = iphoneos;
				SWIFT_ACTIVE_COMPILATION_CONDITIONS = "DEBUG $(inherited)";
				SWIFT_OPTIMIZATION_LEVEL = "-Onone";
			};
			name = Debug;
		};
		5BD9C1162DF1AAA900A80B40 /* Release */ = {
			isa = XCBuildConfiguration;
			buildSettings = {
				ALWAYS_SEARCH_USER_PATHS = NO;
				ASSETCATALOG_COMPILER_GENERATE_SWIFT_ASSET_SYMBOL_EXTENSIONS = YES;
				CLANG_ANALYZER_NONNULL = YES;
				CLANG_ANALYZER_NUMBER_OBJECT_CONVERSION = YES_AGGRESSIVE;
				CLANG_CXX_LANGUAGE_STANDARD = "gnu++20";
				CLANG_ENABLE_MODULES = YES;
				CLANG_ENABLE_OBJC_ARC = YES;
				CLANG_ENABLE_OBJC_WEAK = YES;
				CLANG_WARN_BLOCK_CAPTURE_AUTORELEASING = YES;
				CLANG_WARN_BOOL_CONVERSION = YES;
				CLANG_WARN_COMMA = YES;
				CLANG_WARN_CONSTANT_CONVERSION = YES;
				CLANG_WARN_DEPRECATED_OBJC_IMPLEMENTATIONS = YES;
				CLANG_WARN_DIRECT_OBJC_ISA_USAGE = YES_ERROR;
				CLANG_WARN_DOCUMENTATION_COMMENTS = YES;
				CLANG_WARN_EMPTY_BODY = YES;
				CLANG_WARN_ENUM_CONVERSION = YES;
				CLANG_WARN_INFINITE_RECURSION = YES;
				CLANG_WARN_INT_CONVERSION = YES;
				CLANG_WARN_NON_LITERAL_NULL_CONVERSION = YES;
				CLANG_WARN_OBJC_IMPLICIT_RETAIN_SELF = YES;
				CLANG_WARN_OBJC_LITERAL_CONVERSION = YES;
				CLANG_WARN_OBJC_ROOT_CLASS = YES_ERROR;
				CLANG_WARN_QUOTED_INCLUDE_IN_FRAMEWORK_HEADER = YES;
				CLANG_WARN_RANGE_LOOP_ANALYSIS = YES;
				CLANG_WARN_STRICT_PROTOTYPES = YES;
				CLANG_WARN_SUSPICIOUS_MOVE = YES;
				CLANG_WARN_UNGUARDED_AVAILABILITY = YES_AGGRESSIVE;
				CLANG_WARN_UNREACHABLE_CODE = YES;
				CLANG_WARN__DUPLICATE_METHOD_MATCH = YES;
				COPY_PHASE_STRIP = NO;
				DEBUG_INFORMATION_FORMAT = "dwarf-with-dsym";
				DEVELOPMENT_TEAM = Y274S7F744;
				ENABLE_NS_ASSERTIONS = NO;
				ENABLE_STRICT_OBJC_MSGSEND = YES;
				ENABLE_USER_SCRIPT_SANDBOXING = YES;
				GCC_C_LANGUAGE_STANDARD = gnu17;
				GCC_NO_COMMON_BLOCKS = YES;
				GCC_WARN_64_TO_32_BIT_CONVERSION = YES;
				GCC_WARN_ABOUT_RETURN_TYPE = YES_ERROR;
				GCC_WARN_UNDECLARED_SELECTOR = YES;
				GCC_WARN_UNINITIALIZED_AUTOS = YES_AGGRESSIVE;
				GCC_WARN_UNUSED_FUNCTION = YES;
				GCC_WARN_UNUSED_VARIABLE = YES;
				IPHONEOS_DEPLOYMENT_TARGET = 18.4;
				LOCALIZATION_PREFERS_STRING_CATALOGS = YES;
				MTL_ENABLE_DEBUG_INFO = NO;
				MTL_FAST_MATH = YES;
				SDKROOT = iphoneos;
				SWIFT_COMPILATION_MODE = wholemodule;
				VALIDATE_PRODUCT = YES;
			};
			name = Release;
		};
/* End XCBuildConfiguration section */

/* Begin XCConfigurationList section */
		5BD9C0FA2DF1AAA700A80B40 /* Build configuration list for PBXProject "Wallet" */ = {
			isa = XCConfigurationList;
			buildConfigurations = (
				5BD9C1152DF1AAA900A80B40 /* Debug */,
				5BD9C1162DF1AAA900A80B40 /* Release */,
			);
			defaultConfigurationIsVisible = 0;
			defaultConfigurationName = Release;
		};
		5BD9C1122DF1AAA900A80B40 /* Build configuration list for PBXNativeTarget "Wallet" */ = {
			isa = XCConfigurationList;
			buildConfigurations = (
				5BD9C1132DF1AAA900A80B40 /* Debug */,
				5BD9C1142DF1AAA900A80B40 /* Release */,
			);
			defaultConfigurationIsVisible = 0;
			defaultConfigurationName = Release;
		};
/* End XCConfigurationList section */
	};
	rootObject = 5BD9C0F72DF1AAA700A80B40 /* Project object */;
}
